
Microsoft Visual Studio Solution File, Format Version 12.00
# Visual Studio Version 16
VisualStudioVersion = 16.0.29123.88
MinimumVisualStudioVersion = 10.0.40219.1
Project("{8BC9CEB8-8B4A-11D0-8D11-00A0C91BC942}") = "mqttproject", "mqttproject\mqttproject.vcxproj", "{EDB20E5D-2708-47E6-9E45-390FA9A89087}"
EndProject
Global
	GlobalSection(SolutionConfigurationPlatforms) = preSolution
		Debug|x64 = Debug|x64
		Debug|x86 = Debug|x86
		Release|x64 = Release|x64
		Release|x86 = Release|x86
	EndGlobalSection
	GlobalSection(ProjectConfigurationPlatforms) = postSolution
		{EDB20E5D-2708-47E6-9E45-390FA9A89087}.Debug|x64.ActiveCfg = Debug|x64
		{EDB20E5D-2708-47E6-9E45-390FA9A89087}.Debug|x64.Build.0 = Debug|x64
		{EDB20E5D-2708-47E6-9E45-390FA9A89087}.Debug|x86.ActiveCfg = Debug|Win32
		{EDB20E5D-2708-47E6-9E45-390FA9A89087}.Debug|x86.Build.0 = Debug|Win32
		{EDB20E5D-2708-47E6-9E45-390FA9A89087}.Release|x64.ActiveCfg = Release|x64
		{EDB20E5D-2708-47E6-9E45-390FA9A89087}.Release|x64.Build.0 = Release|x64
		{EDB20E5D-2708-47E6-9E45-390FA9A89087}.Release|x86.ActiveCfg = Release|Win32
		{EDB20E5D-2708-47E6-9E45-390FA9A89087}.Release|x86.Build.0 = Release|Win32
	EndGlobalSection
	GlobalSection(SolutionProperties) = preSolution
		HideSolutionNode = FALSE
	EndGlobalSection
	GlobalSection(ExtensibilityGlobals) = postSolution
		SolutionGuid = {9B89D3D5-8390-462C-972D-57276E851BBC}
	EndGlobalSection
EndGlobal
